// !$*UTF8*$!
{
	archiveVersion = 1;
	classes = {
	};
	objectVersion = 46;
	objects = {

/* Begin PBXBuildFile section */
		7EF1D8A11C750259002DA38C /* main.cpp in Sources */ = {isa = PBXBuildFile; fileRef = 7EF1D8A01C750259002DA38C /* main.cpp */; };
		7EF1D8A91C750562002DA38C /* PositiveInteger.cpp in Sources */ = {isa = PBXBuildFile; fileRef = 7EF1D8A71C750562002DA38C /* PositiveInteger.cpp */; };
		7EF1D8AC1C7506BB002DA38C /* Bit.cpp in Sources */ = {isa = PBXBuildFile; fileRef = 7EF1D8AA1C7506BB002DA38C /* Bit.cpp */; };
		7EFA56531CF72F8E0004B5A2 /* Integer.cpp in Sources */ = {isa = PBXBuildFile; fileRef = 7EFA56511CF72F8E0004B5A2 /* Integer.cpp */; };
/* End PBXBuildFile section */

/* Begin PBXCopyFilesBuildPhase section */
		7EF1D89B1C750258002DA38C /* CopyFiles */ = {
			isa = PBXCopyFilesBuildPhase;
			buildActionMask = 2147483647;
			dstPath = /usr/share/man/man1/;
			dstSubfolderSpec = 0;
			files = (
			);
			runOnlyForDeploymentPostprocessing = 1;
		};
/* End PBXCopyFilesBuildPhase section */

/* Begin PBXFileReference section */
		7EF1D89D1C750258002DA38C /* PositiveInteger */ = {isa = PBXFileReference; explicitFileType = "compiled.mach-o.executable"; includeInIndex = 0; path = PositiveInteger; sourceTree = BUILT_PRODUCTS_DIR; };
		7EF1D8A01C750259002DA38C /* main.cpp */ = {isa = PBXFileReference; lastKnownFileType = sourcecode.cpp.cpp; path = main.cpp; sourceTree = "<group>"; usesTabs = 1; };
		7EF1D8A71C750562002DA38C /* PositiveInteger.cpp */ = {isa = PBXFileReference; fileEncoding = 4; lastKnownFileType = sourcecode.cpp.cpp; path = PositiveInteger.cpp; sourceTree = "<group>"; };
		7EF1D8A81C750562002DA38C /* PositiveInteger.hpp */ = {isa = PBXFileReference; fileEncoding = 4; lastKnownFileType = sourcecode.cpp.h; path = PositiveInteger.hpp; sourceTree = "<group>"; };
		7EF1D8AA1C7506BB002DA38C /* Bit.cpp */ = {isa = PBXFileReference; fileEncoding = 4; lastKnownFileType = sourcecode.cpp.cpp; path = Bit.cpp; sourceTree = "<group>"; };
		7EF1D8AB1C7506BB002DA38C /* Bit.hpp */ = {isa = PBXFileReference; fileEncoding = 4; lastKnownFileType = sourcecode.cpp.h; path = Bit.hpp; sourceTree = "<group>"; usesTabs = 1; };
		7EFA56511CF72F8E0004B5A2 /* Integer.cpp */ = {isa = PBXFileReference; fileEncoding = 4; lastKnownFileType = sourcecode.cpp.cpp; path = Integer.cpp; sourceTree = "<group>"; };
		7EFA56521CF72F8E0004B5A2 /* Integer.hpp */ = {isa = PBXFileReference; fileEncoding = 4; lastKnownFileType = sourcecode.cpp.h; path = Integer.hpp; sourceTree = "<group>"; };
/* End PBXFileReference section */

/* Begin PBXFrameworksBuildPhase section */
		7EF1D89A1C750258002DA38C /* Frameworks */ = {
			isa = PBXFrameworksBuildPhase;
			buildActionMask = 2147483647;
			files = (
			);
			runOnlyForDeploymentPostprocessing = 0;
		};
/* End PBXFrameworksBuildPhase section */

/* Begin PBXGroup section */
		7EF1D8941C750258002DA38C = {
			isa = PBXGroup;
			children = (
				7EF1D89F1C750258002DA38C /* Number */,
				7EF1D89E1C750258002DA38C /* Products */,
			);
			sourceTree = "<group>";
		};
		7EF1D89E1C750258002DA38C /* Products */ = {
			isa = PBXGroup;
			children = (
				7EF1D89D1C750258002DA38C /* PositiveInteger */,
			);
			name = Products;
			sourceTree = "<group>";
		};
		7EF1D89F1C750258002DA38C /* Number */ = {
			isa = PBXGroup;
			children = (
				7EF1D8A01C750259002DA38C /* main.cpp */,
				7EF1D8A71C750562002DA38C /* PositiveInteger.cpp */,
				7EF1D8A81C750562002DA38C /* PositiveInteger.hpp */,
				7EF1D8AA1C7506BB002DA38C /* Bit.cpp */,
				7EF1D8AB1C7506BB002DA38C /* Bit.hpp */,
				7EFA56511CF72F8E0004B5A2 /* Integer.cpp */,
				7EFA56521CF72F8E0004B5A2 /* Integer.hpp */,
			);
			name = Number;
			path = PositiveInteger;
			sourceTree = "<group>";
		};
/* End PBXGroup section */

/* Begin PBXNativeTarget section */
		7EF1D89C1C750258002DA38C /* PositiveInteger */ = {
			isa = PBXNativeTarget;
			buildConfigurationList = 7EF1D8A41C750259002DA38C /* Build configuration list for PBXNativeTarget "PositiveInteger" */;
			buildPhases = (
				7EF1D8991C750258002DA38C /* Sources */,
				7EF1D89A1C750258002DA38C /* Frameworks */,
				7EF1D89B1C750258002DA38C /* CopyFiles */,
			);
			buildRules = (
			);
			dependencies = (
			);
			name = PositiveInteger;
			productName = PositiveInteger;
			productReference = 7EF1D89D1C750258002DA38C /* PositiveInteger */;
			productType = "com.apple.product-type.tool";
		};
/* End PBXNativeTarget section */

/* Begin PBXProject section */
		7EF1D8951C750258002DA38C /* Project object */ = {
			isa = PBXProject;
			attributes = {
				LastUpgradeCheck = 0720;
				ORGANIZATIONNAME = "Samuel Lo";
				TargetAttributes = {
					7EF1D89C1C750258002DA38C = {
						CreatedOnToolsVersion = 7.2.1;
					};
				};
			};
			buildConfigurationList = 7EF1D8981C750258002DA38C /* Build configuration list for PBXProject "Number" */;
			compatibilityVersion = "Xcode 3.2";
			developmentRegion = English;
			hasScannedForEncodings = 0;
			knownRegions = (
				en,
			);
			mainGroup = 7EF1D8941C750258002DA38C;
			productRefGroup = 7EF1D89E1C750258002DA38C /* Products */;
			projectDirPath = "";
			projectRoot = "";
			targets = (
				7EF1D89C1C750258002DA38C /* PositiveInteger */,
			);
		};
/* End PBXProject section */

/* Begin PBXSourcesBuildPhase section */
		7EF1D8991C750258002DA38C /* Sources */ = {
			isa = PBXSourcesBuildPhase;
			buildActionMask = 2147483647;
			files = (
				7EF1D8AC1C7506BB002DA38C /* Bit.cpp in Sources */,
				7EF1D8A11C750259002DA38C /* main.cpp in Sources */,
				7EFA56531CF72F8E0004B5A2 /* Integer.cpp in Sources */,
				7EF1D8A91C750562002DA38C /* PositiveInteger.cpp in Sources */,
			);
			runOnlyForDeploymentPostprocessing = 0;
		};
/* End PBXSourcesBuildPhase section */

/* Begin XCBuildConfiguration section */
		7EF1D8A21C750259002DA38C /* Debug */ = {
			isa = XCBuildConfiguration;
			buildSettings = {
				ALWAYS_SEARCH_USER_PATHS = NO;
				CLANG_CXX_LANGUAGE_STANDARD = "gnu++0x";
				CLANG_CXX_LIBRARY = "libc++";
				CLANG_ENABLE_MODULES = YES;
				CLANG_ENABLE_OBJC_ARC = YES;
				CLANG_WARN_BOOL_CONVERSION = YES;
				CLANG_WARN_CONSTANT_CONVERSION = YES;
				CLANG_WARN_DIRECT_OBJC_ISA_USAGE = YES_ERROR;
				CLANG_WARN_EMPTY_BODY = YES;
				CLANG_WARN_ENUM_CONVERSION = YES;
				CLANG_WARN_INT_CONVERSION = YES;
				CLANG_WARN_OBJC_ROOT_CLASS = YES_ERROR;
				CLANG_WARN_UNREACHABLE_CODE = YES;
				CLANG_WARN__DUPLICATE_METHOD_MATCH = YES;
				CODE_SIGN_IDENTITY = "-";
				COPY_PHASE_STRIP = NO;
				DEBUG_INFORMATION_FORMAT = dwarf;
				ENABLE_STRICT_OBJC_MSGSEND = YES;
				ENABLE_TESTABILITY = YES;
				GCC_C_LANGUAGE_STANDARD = gnu99;
				GCC_DYNAMIC_NO_PIC = NO;
				GCC_NO_COMMON_BLOCKS = YES;
				GCC_OPTIMIZATION_LEVEL = 0;
				GCC_PREPROCESSOR_DEFINITIONS = (
					"DEBUG=1",
					"$(inherited)",
				);
				GCC_WARN_64_TO_32_BIT_CONVERSION = YES;
				GCC_WARN_ABOUT_RETURN_TYPE = YES_ERROR;
				GCC_WARN_UNDECLARED_SELECTOR = YES;
				GCC_WARN_UNINITIALIZED_AUTOS = YES_AGGRESSIVE;
				GCC_WARN_UNUSED_FUNCTION = YES;
				GCC_WARN_UNUSED_VARIABLE = YES;
				MACOSX_DEPLOYMENT_TARGET = 10.11;
				MTL_ENABLE_DEBUG_INFO = YES;
				ONLY_ACTIVE_ARCH = YES;
				SDKROOT = macosx;
			};
			name = Debug;
		};
		7EF1D8A31C750259002DA38C /* Release */ = {
			isa = XCBuildConfiguration;
			buildSettings = {
				ALWAYS_SEARCH_USER_PATHS = NO;
				CLANG_CXX_LANGUAGE_STANDARD = "gnu++0x";
				CLANG_CXX_LIBRARY = "libc++";
				CLANG_ENABLE_MODULES = YES;
				CLANG_ENABLE_OBJC_ARC = YES;
				CLANG_WARN_BOOL_CONVERSION = YES;
				CLANG_WARN_CONSTANT_CONVERSION = YES;
				CLANG_WARN_DIRECT_OBJC_ISA_USAGE = YES_ERROR;
				CLANG_WARN_EMPTY_BODY = YES;
				CLANG_WARN_ENUM_CONVERSION = YES;
				CLANG_WARN_INT_CONVERSION = YES;
				CLANG_WARN_OBJC_ROOT_CLASS = YES_ERROR;
				CLANG_WARN_UNREACHABLE_CODE = YES;
				CLANG_WARN__DUPLICATE_METHOD_MATCH = YES;
				CODE_SIGN_IDENTITY = "-";
				COPY_PHASE_STRIP = NO;
				DEBUG_INFORMATION_FORMAT = "dwarf-with-dsym";
				ENABLE_NS_ASSERTIONS = NO;
				ENABLE_STRICT_OBJC_MSGSEND = YES;
				GCC_C_LANGUAGE_STANDARD = gnu99;
				GCC_NO_COMMON_BLOCKS = YES;
				GCC_WARN_64_TO_32_BIT_CONVERSION = YES;
				GCC_WARN_ABOUT_RETURN_TYPE = YES_ERROR;
				GCC_WARN_UNDECLARED_SELECTOR = YES;
				GCC_WARN_UNINITIALIZED_AUTOS = YES_AGGRESSIVE;
				GCC_WARN_UNUSED_FUNCTION = YES;
				GCC_WARN_UNUSED_VARIABLE = YES;
				MACOSX_DEPLOYMENT_TARGET = 10.11;
				MTL_ENABLE_DEBUG_INFO = NO;
				SDKROOT = macosx;
			};
			name = Release;
		};
		7EF1D8A51C750259002DA38C /* Debug */ = {
			isa = XCBuildConfiguration;
			buildSettings = {
				PRODUCT_NAME = "$(TARGET_NAME)";
			};
			name = Debug;
		};
		7EF1D8A61C750259002DA38C /* Release */ = {
			isa = XCBuildConfiguration;
			buildSettings = {
				PRODUCT_NAME = "$(TARGET_NAME)";
			};
			name = Release;
		};
/* End XCBuildConfiguration section */

/* Begin XCConfigurationList section */
		7EF1D8981C750258002DA38C /* Build configuration list for PBXProject "Number" */ = {
			isa = XCConfigurationList;
			buildConfigurations = (
				7EF1D8A21C750259002DA38C /* Debug */,
				7EF1D8A31C750259002DA38C /* Release */,
			);
			defaultConfigurationIsVisible = 0;
			defaultConfigurationName = Release;
		};
		7EF1D8A41C750259002DA38C /* Build configuration list for PBXNativeTarget "PositiveInteger" */ = {
			isa = XCConfigurationList;
			buildConfigurations = (
				7EF1D8A51C750259002DA38C /* Debug */,
				7EF1D8A61C750259002DA38C /* Release */,
			);
			defaultConfigurationIsVisible = 0;
			defaultConfigurationName = Release;
		};
/* End XCConfigurationList section */
	};
	rootObject = 7EF1D8951C750258002DA38C /* Project object */;
}
